// !$*UTF8*$!
{
	archiveVersion = 1;
	classes = {
	};
	objectVersion = 77;
	objects = {

/* Begin PBXBuildFile section */
		F6DB0A522C9D17B400581168 /* Alamofire in Frameworks */ = {isa = PBXBuildFile; productRef = F6DB0A512C9D17B400581168 /* Alamofire */; };
/* End PBXBuildFile section */

/* Begin PBXContainerItemProxy section */
		F6DB09F92C9D023E00581168 /* PBXContainerItemProxy */ = {
			isa = PBXContainerItemProxy;
			containerPortal = F6DB09E02C9D023D00581168 /* Project object */;
			proxyType = 1;
			remoteGlobalIDString = F6DB09E72C9D023D00581168;
			remoteInfo = "rickandmorty-swift";
		};
		F6DB0A032C9D023E00581168 /* PBXContainerItemProxy */ = {
			isa = PBXContainerItemProxy;
			containerPortal = F6DB09E02C9D023D00581168 /* Project object */;
			proxyType = 1;
			remoteGlobalIDString = F6DB09E72C9D023D00581168;
			remoteInfo = "rickandmorty-swift";
		};
/* End PBXContainerItemProxy section */

/* Begin PBXFileReference section */
		F6DB09E82C9D023D00581168 /* rickandmorty-swift.app */ = {isa = PBXFileReference; explicitFileType = wrapper.application; includeInIndex = 0; path = "rickandmorty-swift.app"; sourceTree = BUILT_PRODUCTS_DIR; };
		F6DB09F82C9D023E00581168 /* rickandmorty-swiftTests.xctest */ = {isa = PBXFileReference; explicitFileType = wrapper.cfbundle; includeInIndex = 0; path = "rickandmorty-swiftTests.xctest"; sourceTree = BUILT_PRODUCTS_DIR; };
		F6DB0A022C9D023E00581168 /* rickandmorty-swiftUITests.xctest */ = {isa = PBXFileReference; explicitFileType = wrapper.cfbundle; includeInIndex = 0; path = "rickandmorty-swiftUITests.xctest"; sourceTree = BUILT_PRODUCTS_DIR; };
/* End PBXFileReference section */

/* Begin PBXFileSystemSynchronizedRootGroup section */
		F6DB09EA2C9D023D00581168 /* rickandmorty-swift */ = {
			isa = PBXFileSystemSynchronizedRootGroup;
			path = "rickandmorty-swift";
			sourceTree = "<group>";
		};
		F6DB09FB2C9D023E00581168 /* rickandmorty-swiftTests */ = {
			isa = PBXFileSystemSynchronizedRootGroup;
			path = "rickandmorty-swiftTests";
			sourceTree = "<group>";
		};
		F6DB0A052C9D023E00581168 /* rickandmorty-swiftUITests */ = {
			isa = PBXFileSystemSynchronizedRootGroup;
			path = "rickandmorty-swiftUITests";
			sourceTree = "<group>";
		};
/* End PBXFileSystemSynchronizedRootGroup section */

/* Begin PBXFrameworksBuildPhase section */
		F6DB09E52C9D023D00581168 /* Frameworks */ = {
			isa = PBXFrameworksBuildPhase;
			buildActionMask = 2147483647;
			files = (
				F6DB0A522C9D17B400581168 /* Alamofire in Frameworks */,
			);
			runOnlyForDeploymentPostprocessing = 0;
		};
		F6DB09F52C9D023E00581168 /* Frameworks */ = {
			isa = PBXFrameworksBuildPhase;
			buildActionMask = 2147483647;
			files = (
			);
			runOnlyForDeploymentPostprocessing = 0;
		};
		F6DB09FF2C9D023E00581168 /* Frameworks */ = {
			isa = PBXFrameworksBuildPhase;
			buildActionMask = 2147483647;
			files = (
			);
			runOnlyForDeploymentPostprocessing = 0;
		};
/* End PBXFrameworksBuildPhase section */

/* Begin PBXGroup section */
		F6DB09DF2C9D023D00581168 = {
			isa = PBXGroup;
			children = (
				F6DB09EA2C9D023D00581168 /* rickandmorty-swift */,
				F6DB09FB2C9D023E00581168 /* rickandmorty-swiftTests */,
				F6DB0A052C9D023E00581168 /* rickandmorty-swiftUITests */,
				F6DB09E92C9D023D00581168 /* Products */,
			);
			sourceTree = "<group>";
		};
		F6DB09E92C9D023D00581168 /* Products */ = {
			isa = PBXGroup;
			children = (
				F6DB09E82C9D023D00581168 /* rickandmorty-swift.app */,
				F6DB09F82C9D023E00581168 /* rickandmorty-swiftTests.xctest */,
				F6DB0A022C9D023E00581168 /* rickandmorty-swiftUITests.xctest */,
			);
			name = Products;
			sourceTree = "<group>";
		};
/* End PBXGroup section */

/* Begin PBXNativeTarget section */
		F6DB09E72C9D023D00581168 /* rickandmorty-swift */ = {
			isa = PBXNativeTarget;
			buildConfigurationList = F6DB0A0C2C9D023E00581168 /* Build configuration list for PBXNativeTarget "rickandmorty-swift" */;
			buildPhases = (
				F6DB09E42C9D023D00581168 /* Sources */,
				F6DB09E52C9D023D00581168 /* Frameworks */,
				F6DB09E62C9D023D00581168 /* Resources */,
			);
			buildRules = (
			);
			dependencies = (
			);
			fileSystemSynchronizedGroups = (
				F6DB09EA2C9D023D00581168 /* rickandmorty-swift */,
			);
			name = "rickandmorty-swift";
			packageProductDependencies = (
				F6DB0A512C9D17B400581168 /* Alamofire */,
			);
			productName = "rickandmorty-swift";
			productReference = F6DB09E82C9D023D00581168 /* rickandmorty-swift.app */;
			productType = "com.apple.product-type.application";
		};
		F6DB09F72C9D023E00581168 /* rickandmorty-swiftTests */ = {
			isa = PBXNativeTarget;
			buildConfigurationList = F6DB0A0F2C9D023E00581168 /* Build configuration list for PBXNativeTarget "rickandmorty-swiftTests" */;
			buildPhases = (
				F6DB09F42C9D023E00581168 /* Sources */,
				F6DB09F52C9D023E00581168 /* Frameworks */,
				F6DB09F62C9D023E00581168 /* Resources */,
			);
			buildRules = (
			);
			dependencies = (
				F6DB09FA2C9D023E00581168 /* PBXTargetDependency */,
			);
			fileSystemSynchronizedGroups = (
				F6DB09FB2C9D023E00581168 /* rickandmorty-swiftTests */,
			);
			name = "rickandmorty-swiftTests";
			packageProductDependencies = (
			);
			productName = "rickandmorty-swiftTests";
			productReference = F6DB09F82C9D023E00581168 /* rickandmorty-swiftTests.xctest */;
			productType = "com.apple.product-type.bundle.unit-test";
		};
		F6DB0A012C9D023E00581168 /* rickandmorty-swiftUITests */ = {
			isa = PBXNativeTarget;
			buildConfigurationList = F6DB0A122C9D023E00581168 /* Build configuration list for PBXNativeTarget "rickandmorty-swiftUITests" */;
			buildPhases = (
				F6DB09FE2C9D023E00581168 /* Sources */,
				F6DB09FF2C9D023E00581168 /* Frameworks */,
				F6DB0A002C9D023E00581168 /* Resources */,
			);
			buildRules = (
			);
			dependencies = (
				F6DB0A042C9D023E00581168 /* PBXTargetDependency */,
			);
			fileSystemSynchronizedGroups = (
				F6DB0A052C9D023E00581168 /* rickandmorty-swiftUITests */,
			);
			name = "rickandmorty-swiftUITests";
			packageProductDependencies = (
			);
			productName = "rickandmorty-swiftUITests";
			productReference = F6DB0A022C9D023E00581168 /* rickandmorty-swiftUITests.xctest */;
			productType = "com.apple.product-type.bundle.ui-testing";
		};
/* End PBXNativeTarget section */

/* Begin PBXProject section */
		F6DB09E02C9D023D00581168 /* Project object */ = {
			isa = PBXProject;
			attributes = {
				BuildIndependentTargetsInParallel = 1;
				LastSwiftUpdateCheck = 1600;
				LastUpgradeCheck = 1600;
				TargetAttributes = {
					F6DB09E72C9D023D00581168 = {
						CreatedOnToolsVersion = 16.0;
					};
					F6DB09F72C9D023E00581168 = {
						CreatedOnToolsVersion = 16.0;
						TestTargetID = F6DB09E72C9D023D00581168;
					};
					F6DB0A012C9D023E00581168 = {
						CreatedOnToolsVersion = 16.0;
						TestTargetID = F6DB09E72C9D023D00581168;
					};
				};
			};
			buildConfigurationList = F6DB09E32C9D023D00581168 /* Build configuration list for PBXProject "rickandmorty-swift" */;
			developmentRegion = en;
			hasScannedForEncodings = 0;
			knownRegions = (
				en,
				Base,
			);
			mainGroup = F6DB09DF2C9D023D00581168;
			minimizedProjectReferenceProxies = 1;
			packageReferences = (
				F6DB0A502C9D17B400581168 /* XCRemoteSwiftPackageReference "Alamofire" */,
			);
			preferredProjectObjectVersion = 77;
			productRefGroup = F6DB09E92C9D023D00581168 /* Products */;
			projectDirPath = "";
			projectRoot = "";
			targets = (
				F6DB09E72C9D023D00581168 /* rickandmorty-swift */,
				F6DB09F72C9D023E00581168 /* rickandmorty-swiftTests */,
				F6DB0A012C9D023E00581168 /* rickandmorty-swiftUITests */,
			);
		};
/* End PBXProject section */

/* Begin PBXResourcesBuildPhase section */
		F6DB09E62C9D023D00581168 /* Resources */ = {
			isa = PBXResourcesBuildPhase;
			buildActionMask = 2147483647;
			files = (
			);
			runOnlyForDeploymentPostprocessing = 0;
		};
		F6DB09F62C9D023E00581168 /* Resources */ = {
			isa = PBXResourcesBuildPhase;
			buildActionMask = 2147483647;
			files = (
			);
			runOnlyForDeploymentPostprocessing = 0;
		};
		F6DB0A002C9D023E00581168 /* Resources */ = {
			isa = PBXResourcesBuildPhase;
			buildActionMask = 2147483647;
			files = (
			);
			runOnlyForDeploymentPostprocessing = 0;
		};
/* End PBXResourcesBuildPhase section */

/* Begin PBXSourcesBuildPhase section */
		F6DB09E42C9D023D00581168 /* Sources */ = {
			isa = PBXSourcesBuildPhase;
			buildActionMask = 2147483647;
			files = (
			);
			runOnlyForDeploymentPostprocessing = 0;
		};
		F6DB09F42C9D023E00581168 /* Sources */ = {
			isa = PBXSourcesBuildPhase;
			buildActionMask = 2147483647;
			files = (
			);
			runOnlyForDeploymentPostprocessing = 0;
		};
		F6DB09FE2C9D023E00581168 /* Sources */ = {
			isa = PBXSourcesBuildPhase;
			buildActionMask = 2147483647;
			files = (
			);
			runOnlyForDeploymentPostprocessing = 0;
		};
/* End PBXSourcesBuildPhase section */

/* Begin PBXTargetDependency section */
		F6DB09FA2C9D023E00581168 /* PBXTargetDependency */ = {
			isa = PBXTargetDependency;
			target = F6DB09E72C9D023D00581168 /* rickandmorty-swift */;
			targetProxy = F6DB09F92C9D023E00581168 /* PBXContainerItemProxy */;
		};
		F6DB0A042C9D023E00581168 /* PBXTargetDependency */ = {
			isa = PBXTargetDependency;
			target = F6DB09E72C9D023D00581168 /* rickandmorty-swift */;
			targetProxy = F6DB0A032C9D023E00581168 /* PBXContainerItemProxy */;
		};
/* End PBXTargetDependency section */

/* Begin XCBuildConfiguration section */
		F6DB0A0A2C9D023E00581168 /* Debug */ = {
			isa = XCBuildConfiguration;
			buildSettings = {
				ALWAYS_SEARCH_USER_PATHS = NO;
				ASSETCATALOG_COMPILER_GENERATE_SWIFT_ASSET_SYMBOL_EXTENSIONS = YES;
				CLANG_ANALYZER_NONNULL = YES;
				CLANG_ANALYZER_NUMBER_OBJECT_CONVERSION = YES_AGGRESSIVE;
				CLANG_CXX_LANGUAGE_STANDARD = "gnu++20";
				CLANG_ENABLE_MODULES = YES;
				CLANG_ENABLE_OBJC_ARC = YES;
				CLANG_ENABLE_OBJC_WEAK = YES;
				CLANG_WARN_BLOCK_CAPTURE_AUTORELEASING = YES;
				CLANG_WARN_BOOL_CONVERSION = YES;
				CLANG_WARN_COMMA = YES;
				CLANG_WARN_CONSTANT_CONVERSION = YES;
				CLANG_WARN_DEPRECATED_OBJC_IMPLEMENTATIONS = YES;
				CLANG_WARN_DIRECT_OBJC_ISA_USAGE = YES_ERROR;
				CLANG_WARN_DOCUMENTATION_COMMENTS = YES;
				CLANG_WARN_EMPTY_BODY = YES;
				CLANG_WARN_ENUM_CONVERSION = YES;
				CLANG_WARN_INFINITE_RECURSION = YES;
				CLANG_WARN_INT_CONVERSION = YES;
				CLANG_WARN_NON_LITERAL_NULL_CONVERSION = YES;
				CLANG_WARN_OBJC_IMPLICIT_RETAIN_SELF = YES;
				CLANG_WARN_OBJC_LITERAL_CONVERSION = YES;
				CLANG_WARN_OBJC_ROOT_CLASS = YES_ERROR;
				CLANG_WARN_QUOTED_INCLUDE_IN_FRAMEWORK_HEADER = YES;
				CLANG_WARN_RANGE_LOOP_ANALYSIS = YES;
				CLANG_WARN_STRICT_PROTOTYPES = YES;
				CLANG_WARN_SUSPICIOUS_MOVE = YES;
				CLANG_WARN_UNGUARDED_AVAILABILITY = YES_AGGRESSIVE;
				CLANG_WARN_UNREACHABLE_CODE = YES;
				CLANG_WARN__DUPLICATE_METHOD_MATCH = YES;
				COPY_PHASE_STRIP = NO;
				DEBUG_INFORMATION_FORMAT = dwarf;
				ENABLE_STRICT_OBJC_MSGSEND = YES;
				ENABLE_TESTABILITY = YES;
				ENABLE_USER_SCRIPT_SANDBOXING = YES;
				GCC_C_LANGUAGE_STANDARD = gnu17;
				GCC_DYNAMIC_NO_PIC = NO;
				GCC_NO_COMMON_BLOCKS = YES;
				GCC_OPTIMIZATION_LEVEL = 0;
				GCC_PREPROCESSOR_DEFINITIONS = (
					"DEBUG=1",
					"$(inherited)",
				);
				GCC_WARN_64_TO_32_BIT_CONVERSION = YES;
				GCC_WARN_ABOUT_RETURN_TYPE = YES_ERROR;
				GCC_WARN_UNDECLARED_SELECTOR = YES;
				GCC_WARN_UNINITIALIZED_AUTOS = YES_AGGRESSIVE;
				GCC_WARN_UNUSED_FUNCTION = YES;
				GCC_WARN_UNUSED_VARIABLE = YES;
				IPHONEOS_DEPLOYMENT_TARGET = 18.0;
				LOCALIZATION_PREFERS_STRING_CATALOGS = YES;
				MTL_ENABLE_DEBUG_INFO = INCLUDE_SOURCE;
				MTL_FAST_MATH = YES;
				ONLY_ACTIVE_ARCH = YES;
				SDKROOT = iphoneos;
				SWIFT_ACTIVE_COMPILATION_CONDITIONS = "DEBUG $(inherited)";
				SWIFT_OPTIMIZATION_LEVEL = "-Onone";
			};
			name = Debug;
		};
		F6DB0A0B2C9D023E00581168 /* Release */ = {
			isa = XCBuildConfiguration;
			buildSettings = {
				ALWAYS_SEARCH_USER_PATHS = NO;
				ASSETCATALOG_COMPILER_GENERATE_SWIFT_ASSET_SYMBOL_EXTENSIONS = YES;
				CLANG_ANALYZER_NONNULL = YES;
				CLANG_ANALYZER_NUMBER_OBJECT_CONVERSION = YES_AGGRESSIVE;
				CLANG_CXX_LANGUAGE_STANDARD = "gnu++20";
				CLANG_ENABLE_MODULES = YES;
				CLANG_ENABLE_OBJC_ARC = YES;
				CLANG_ENABLE_OBJC_WEAK = YES;
				CLANG_WARN_BLOCK_CAPTURE_AUTORELEASING = YES;
				CLANG_WARN_BOOL_CONVERSION = YES;
				CLANG_WARN_COMMA = YES;
				CLANG_WARN_CONSTANT_CONVERSION = YES;
				CLANG_WARN_DEPRECATED_OBJC_IMPLEMENTATIONS = YES;
				CLANG_WARN_DIRECT_OBJC_ISA_USAGE = YES_ERROR;
				CLANG_WARN_DOCUMENTATION_COMMENTS = YES;
				CLANG_WARN_EMPTY_BODY = YES;
				CLANG_WARN_ENUM_CONVERSION = YES;
				CLANG_WARN_INFINITE_RECURSION = YES;
				CLANG_WARN_INT_CONVERSION = YES;
				CLANG_WARN_NON_LITERAL_NULL_CONVERSION = YES;
				CLANG_WARN_OBJC_IMPLICIT_RETAIN_SELF = YES;
				CLANG_WARN_OBJC_LITERAL_CONVERSION = YES;
				CLANG_WARN_OBJC_ROOT_CLASS = YES_ERROR;
				CLANG_WARN_QUOTED_INCLUDE_IN_FRAMEWORK_HEADER = YES;
				CLANG_WARN_RANGE_LOOP_ANALYSIS = YES;
				CLANG_WARN_STRICT_PROTOTYPES = YES;
				CLANG_WARN_SUSPICIOUS_MOVE = YES;
				CLANG_WARN_UNGUARDED_AVAILABILITY = YES_AGGRESSIVE;
				CLANG_WARN_UNREACHABLE_CODE = YES;
				CLANG_WARN__DUPLICATE_METHOD_MATCH = YES;
				COPY_PHASE_STRIP = NO;
				DEBUG_INFORMATION_FORMAT = "dwarf-with-dsym";
				ENABLE_NS_ASSERTIONS = NO;
				ENABLE_STRICT_OBJC_MSGSEND = YES;
				ENABLE_USER_SCRIPT_SANDBOXING = YES;
				GCC_C_LANGUAGE_STANDARD = gnu17;
				GCC_NO_COMMON_BLOCKS = YES;
				GCC_WARN_64_TO_32_BIT_CONVERSION = YES;
				GCC_WARN_ABOUT_RETURN_TYPE = YES_ERROR;
				GCC_WARN_UNDECLARED_SELECTOR = YES;
				GCC_WARN_UNINITIALIZED_AUTOS = YES_AGGRESSIVE;
				GCC_WARN_UNUSED_FUNCTION = YES;
				GCC_WARN_UNUSED_VARIABLE = YES;
				IPHONEOS_DEPLOYMENT_TARGET = 18.0;
				LOCALIZATION_PREFERS_STRING_CATALOGS = YES;
				MTL_ENABLE_DEBUG_INFO = NO;
				MTL_FAST_MATH = YES;
				SDKROOT = iphoneos;
				SWIFT_COMPILATION_MODE = wholemodule;
				VALIDATE_PRODUCT = YES;
			};
			name = Release;
		};
		F6DB0A0D2C9D023E00581168 /* Debug */ = {
			isa = XCBuildConfiguration;
			buildSettings = {
				ASSETCATALOG_COMPILER_APPICON_NAME = AppIcon;
				ASSETCATALOG_COMPILER_GLOBAL_ACCENT_COLOR_NAME = AccentColor;
				CODE_SIGN_STYLE = Automatic;
				CURRENT_PROJECT_VERSION = 1;
				DEVELOPMENT_ASSET_PATHS = "\"rickandmorty-swift/Preview Content\"";
				DEVELOPMENT_TEAM = 78258FA3QZ;
				ENABLE_PREVIEWS = YES;
				GENERATE_INFOPLIST_FILE = YES;
				INFOPLIST_KEY_UIApplicationSceneManifest_Generation = YES;
				INFOPLIST_KEY_UIApplicationSupportsIndirectInputEvents = YES;
				INFOPLIST_KEY_UILaunchScreen_Generation = YES;
				INFOPLIST_KEY_UISupportedInterfaceOrientations_iPad = "UIInterfaceOrientationPortrait UIInterfaceOrientationPortraitUpsideDown UIInterfaceOrientationLandscapeLeft UIInterfaceOrientationLandscapeRight";
				INFOPLIST_KEY_UISupportedInterfaceOrientations_iPhone = "UIInterfaceOrientationPortrait UIInterfaceOrientationLandscapeLeft UIInterfaceOrientationLandscapeRight";
				LD_RUNPATH_SEARCH_PATHS = (
					"$(inherited)",
					"@executable_path/Frameworks",
				);
				MARKETING_VERSION = 1.0;
				PRODUCT_BUNDLE_IDENTIFIER = "com.rodrigoacode.rickandmorty-swift";
				PRODUCT_NAME = "$(TARGET_NAME)";
				SWIFT_EMIT_LOC_STRINGS = YES;
				SWIFT_VERSION = 5.0;
				TARGETED_DEVICE_FAMILY = "1,2";
			};
			name = Debug;
		};
		F6DB0A0E2C9D023E00581168 /* Release */ = {
			isa = XCBuildConfiguration;
			buildSettings = {
				ASSETCATALOG_COMPILER_APPICON_NAME = AppIcon;
				ASSETCATALOG_COMPILER_GLOBAL_ACCENT_COLOR_NAME = AccentColor;
				CODE_SIGN_STYLE = Automatic;
				CURRENT_PROJECT_VERSION = 1;
				DEVELOPMENT_ASSET_PATHS = "\"rickandmorty-swift/Preview Content\"";
				DEVELOPMENT_TEAM = 78258FA3QZ;
				ENABLE_PREVIEWS = YES;
				GENERATE_INFOPLIST_FILE = YES;
				INFOPLIST_KEY_UIApplicationSceneManifest_Generation = YES;
				INFOPLIST_KEY_UIApplicationSupportsIndirectInputEvents = YES;
				INFOPLIST_KEY_UILaunchScreen_Generation = YES;
				INFOPLIST_KEY_UISupportedInterfaceOrientations_iPad = "UIInterfaceOrientationPortrait UIInterfaceOrientationPortraitUpsideDown UIInterfaceOrientationLandscapeLeft UIInterfaceOrientationLandscapeRight";
				INFOPLIST_KEY_UISupportedInterfaceOrientations_iPhone = "UIInterfaceOrientationPortrait UIInterfaceOrientationLandscapeLeft UIInterfaceOrientationLandscapeRight";
				LD_RUNPATH_SEARCH_PATHS = (
					"$(inherited)",
					"@executable_path/Frameworks",
				);
				MARKETING_VERSION = 1.0;
				PRODUCT_BUNDLE_IDENTIFIER = "com.rodrigoacode.rickandmorty-swift";
				PRODUCT_NAME = "$(TARGET_NAME)";
				SWIFT_EMIT_LOC_STRINGS = YES;
				SWIFT_VERSION = 5.0;
				TARGETED_DEVICE_FAMILY = "1,2";
			};
			name = Release;
		};
		F6DB0A102C9D023E00581168 /* Debug */ = {
			isa = XCBuildConfiguration;
			buildSettings = {
				BUNDLE_LOADER = "$(TEST_HOST)";
				CODE_SIGN_STYLE = Automatic;
				CURRENT_PROJECT_VERSION = 1;
				GENERATE_INFOPLIST_FILE = YES;
				IPHONEOS_DEPLOYMENT_TARGET = 18.0;
				MARKETING_VERSION = 1.0;
				PRODUCT_BUNDLE_IDENTIFIER = "com.rodrigoacode.rickandmorty-swiftTests";
				PRODUCT_NAME = "$(TARGET_NAME)";
				SWIFT_EMIT_LOC_STRINGS = NO;
				SWIFT_VERSION = 5.0;
				TARGETED_DEVICE_FAMILY = "1,2";
				TEST_HOST = "$(BUILT_PRODUCTS_DIR)/rickandmorty-swift.app/$(BUNDLE_EXECUTABLE_FOLDER_PATH)/rickandmorty-swift";
			};
			name = Debug;
		};
		F6DB0A112C9D023E00581168 /* Release */ = {
			isa = XCBuildConfiguration;
			buildSettings = {
				BUNDLE_LOADER = "$(TEST_HOST)";
				CODE_SIGN_STYLE = Automatic;
				CURRENT_PROJECT_VERSION = 1;
				GENERATE_INFOPLIST_FILE = YES;
				IPHONEOS_DEPLOYMENT_TARGET = 18.0;
				MARKETING_VERSION = 1.0;
				PRODUCT_BUNDLE_IDENTIFIER = "com.rodrigoacode.rickandmorty-swiftTests";
				PRODUCT_NAME = "$(TARGET_NAME)";
				SWIFT_EMIT_LOC_STRINGS = NO;
				SWIFT_VERSION = 5.0;
				TARGETED_DEVICE_FAMILY = "1,2";
				TEST_HOST = "$(BUILT_PRODUCTS_DIR)/rickandmorty-swift.app/$(BUNDLE_EXECUTABLE_FOLDER_PATH)/rickandmorty-swift";
			};
			name = Release;
		};
		F6DB0A132C9D023E00581168 /* Debug */ = {
			isa = XCBuildConfiguration;
			buildSettings = {
				CODE_SIGN_STYLE = Automatic;
				CURRENT_PROJECT_VERSION = 1;
				GENERATE_INFOPLIST_FILE = YES;
				MARKETING_VERSION = 1.0;
				PRODUCT_BUNDLE_IDENTIFIER = "com.rodrigoacode.rickandmorty-swiftUITests";
				PRODUCT_NAME = "$(TARGET_NAME)";
				SWIFT_EMIT_LOC_STRINGS = NO;
				SWIFT_VERSION = 5.0;
				TARGETED_DEVICE_FAMILY = "1,2";
				TEST_TARGET_NAME = "rickandmorty-swift";
			};
			name = Debug;
		};
		F6DB0A142C9D023E00581168 /* Release */ = {
			isa = XCBuildConfiguration;
			buildSettings = {
				CODE_SIGN_STYLE = Automatic;
				CURRENT_PROJECT_VERSION = 1;
				GENERATE_INFOPLIST_FILE = YES;
				MARKETING_VERSION = 1.0;
				PRODUCT_BUNDLE_IDENTIFIER = "com.rodrigoacode.rickandmorty-swiftUITests";
				PRODUCT_NAME = "$(TARGET_NAME)";
				SWIFT_EMIT_LOC_STRINGS = NO;
				SWIFT_VERSION = 5.0;
				TARGETED_DEVICE_FAMILY = "1,2";
				TEST_TARGET_NAME = "rickandmorty-swift";
			};
			name = Release;
		};
/* End XCBuildConfiguration section */

/* Begin XCConfigurationList section */
		F6DB09E32C9D023D00581168 /* Build configuration list for PBXProject "rickandmorty-swift" */ = {
			isa = XCConfigurationList;
			buildConfigurations = (
				F6DB0A0A2C9D023E00581168 /* Debug */,
				F6DB0A0B2C9D023E00581168 /* Release */,
			);
			defaultConfigurationIsVisible = 0;
			defaultConfigurationName = Release;
		};
		F6DB0A0C2C9D023E00581168 /* Build configuration list for PBXNativeTarget "rickandmorty-swift" */ = {
			isa = XCConfigurationList;
			buildConfigurations = (
				F6DB0A0D2C9D023E00581168 /* Debug */,
				F6DB0A0E2C9D023E00581168 /* Release */,
			);
			defaultConfigurationIsVisible = 0;
			defaultConfigurationName = Release;
		};
		F6DB0A0F2C9D023E00581168 /* Build configuration list for PBXNativeTarget "rickandmorty-swiftTests" */ = {
			isa = XCConfigurationList;
			buildConfigurations = (
				F6DB0A102C9D023E00581168 /* Debug */,
				F6DB0A112C9D023E00581168 /* Release */,
			);
			defaultConfigurationIsVisible = 0;
			defaultConfigurationName = Release;
		};
		F6DB0A122C9D023E00581168 /* Build configuration list for PBXNativeTarget "rickandmorty-swiftUITests" */ = {
			isa = XCConfigurationList;
			buildConfigurations = (
				F6DB0A132C9D023E00581168 /* Debug */,
				F6DB0A142C9D023E00581168 /* Release */,
			);
			defaultConfigurationIsVisible = 0;
			defaultConfigurationName = Release;
		};
/* End XCConfigurationList section */

/* Begin XCRemoteSwiftPackageReference section */
		F6DB0A502C9D17B400581168 /* XCRemoteSwiftPackageReference "Alamofire" */ = {
			isa = XCRemoteSwiftPackageReference;
			repositoryURL = "https://github.com/Alamofire/Alamofire.git";
			requirement = {
				kind = upToNextMajorVersion;
				minimumVersion = 5.9.1;
			};
		};
/* End XCRemoteSwiftPackageReference section */

/* Begin XCSwiftPackageProductDependency section */
		F6DB0A512C9D17B400581168 /* Alamofire */ = {
			isa = XCSwiftPackageProductDependency;
			package = F6DB0A502C9D17B400581168 /* XCRemoteSwiftPackageReference "Alamofire" */;
			productName = Alamofire;
		};
/* End XCSwiftPackageProductDependency section */
	};
	rootObject = F6DB09E02C9D023D00581168 /* Project object */;
}
